
Microsoft Visual Studio Solution File, Format Version 12.00
# Visual Studio Version 17
VisualStudioVersion = 17.7.34009.444
MinimumVisualStudioVersion = 10.0.40219.1
Project("{9A19103F-16F7-4668-BE54-9A1E7A4F7556}") = "JuniorCourses", "JuniorCourses\JuniorCourses.csproj", "{3DC5EB0A-1FB5-4962-A299-3E6334496BDF}"
EndProject
Project("{9A19103F-16F7-4668-BE54-9A1E7A4F7556}") = "ConditionalOperationsAndLoops", "ConditionalOperationsAndLoops\ConditionalOperationsAndLoops.csproj", "{AB1B0FD6-0D0C-4E69-ABA1-F52CF322B817}"
EndProject
Project("{9A19103F-16F7-4668-BE54-9A1E7A4F7556}") = "Arrays", "Arrays\Arrays.csproj", "{12F4174A-5A1F-4FA2-924D-0596ABA76AA9}"
EndProject
Project("{9A19103F-16F7-4668-BE54-9A1E7A4F7556}") = "Functions", "Functions\Functions.csproj", "{A94C314C-B754-406F-89DE-77211DB95114}"
EndProject
Project("{2150E333-8FDC-42A3-9474-1A3956D46DE8}") = "Solution Items", "Solution Items", "{9817AFD3-43CB-49FD-89A1-E6C4398BED6B}"
	ProjectSection(SolutionItems) = preProject
		.editorconfig = .editorconfig
	EndProjectSection
EndProject
Project("{FAE04EC0-301F-11D3-BF4B-00C04F79EFBC}") = "Collections", "Collections\Collections.csproj", "{46D9707F-ADC2-4CA5-8992-5DA52DC4F0B9}"
EndProject
Project("{FAE04EC0-301F-11D3-BF4B-00C04F79EFBC}") = "Fundamentals", "Fundamentals\Fundamentals.csproj", "{2922974B-A5AC-4357-9B12-E4B760AE4987}"
EndProject
Project("{FAE04EC0-301F-11D3-BF4B-00C04F79EFBC}") = "OOP", "OOP\OOP.csproj", "{08FFD6A4-52FA-4540-BA3B-64F53B8C94AB}"
EndProject
Project("{FAE04EC0-301F-11D3-BF4B-00C04F79EFBC}") = "LINQ", "LINQ\LINQ.csproj", "{32CCA0E2-1F62-42A3-9D73-97BF3D720E8E}"
EndProject
Global
	GlobalSection(SolutionConfigurationPlatforms) = preSolution
		Debug|Any CPU = Debug|Any CPU
		Release|Any CPU = Release|Any CPU
	EndGlobalSection
	GlobalSection(ProjectConfigurationPlatforms) = postSolution
		{3DC5EB0A-1FB5-4962-A299-3E6334496BDF}.Debug|Any CPU.ActiveCfg = Debug|Any CPU
		{3DC5EB0A-1FB5-4962-A299-3E6334496BDF}.Debug|Any CPU.Build.0 = Debug|Any CPU
		{3DC5EB0A-1FB5-4962-A299-3E6334496BDF}.Release|Any CPU.ActiveCfg = Release|Any CPU
		{3DC5EB0A-1FB5-4962-A299-3E6334496BDF}.Release|Any CPU.Build.0 = Release|Any CPU
		{AB1B0FD6-0D0C-4E69-ABA1-F52CF322B817}.Debug|Any CPU.ActiveCfg = Debug|Any CPU
		{AB1B0FD6-0D0C-4E69-ABA1-F52CF322B817}.Debug|Any CPU.Build.0 = Debug|Any CPU
		{AB1B0FD6-0D0C-4E69-ABA1-F52CF322B817}.Release|Any CPU.ActiveCfg = Release|Any CPU
		{AB1B0FD6-0D0C-4E69-ABA1-F52CF322B817}.Release|Any CPU.Build.0 = Release|Any CPU
		{12F4174A-5A1F-4FA2-924D-0596ABA76AA9}.Debug|Any CPU.ActiveCfg = Debug|Any CPU
		{12F4174A-5A1F-4FA2-924D-0596ABA76AA9}.Debug|Any CPU.Build.0 = Debug|Any CPU
		{12F4174A-5A1F-4FA2-924D-0596ABA76AA9}.Release|Any CPU.ActiveCfg = Release|Any CPU
		{12F4174A-5A1F-4FA2-924D-0596ABA76AA9}.Release|Any CPU.Build.0 = Release|Any CPU
		{A94C314C-B754-406F-89DE-77211DB95114}.Debug|Any CPU.ActiveCfg = Debug|Any CPU
		{A94C314C-B754-406F-89DE-77211DB95114}.Debug|Any CPU.Build.0 = Debug|Any CPU
		{A94C314C-B754-406F-89DE-77211DB95114}.Release|Any CPU.ActiveCfg = Release|Any CPU
		{A94C314C-B754-406F-89DE-77211DB95114}.Release|Any CPU.Build.0 = Release|Any CPU
		{46D9707F-ADC2-4CA5-8992-5DA52DC4F0B9}.Debug|Any CPU.ActiveCfg = Debug|Any CPU
		{46D9707F-ADC2-4CA5-8992-5DA52DC4F0B9}.Debug|Any CPU.Build.0 = Debug|Any CPU
		{46D9707F-ADC2-4CA5-8992-5DA52DC4F0B9}.Release|Any CPU.ActiveCfg = Release|Any CPU
		{46D9707F-ADC2-4CA5-8992-5DA52DC4F0B9}.Release|Any CPU.Build.0 = Release|Any CPU
		{2922974B-A5AC-4357-9B12-E4B760AE4987}.Debug|Any CPU.ActiveCfg = Debug|Any CPU
		{2922974B-A5AC-4357-9B12-E4B760AE4987}.Debug|Any CPU.Build.0 = Debug|Any CPU
		{2922974B-A5AC-4357-9B12-E4B760AE4987}.Release|Any CPU.ActiveCfg = Release|Any CPU
		{2922974B-A5AC-4357-9B12-E4B760AE4987}.Release|Any CPU.Build.0 = Release|Any CPU
		{08FFD6A4-52FA-4540-BA3B-64F53B8C94AB}.Debug|Any CPU.ActiveCfg = Debug|Any CPU
		{08FFD6A4-52FA-4540-BA3B-64F53B8C94AB}.Debug|Any CPU.Build.0 = Debug|Any CPU
		{08FFD6A4-52FA-4540-BA3B-64F53B8C94AB}.Release|Any CPU.ActiveCfg = Release|Any CPU
		{08FFD6A4-52FA-4540-BA3B-64F53B8C94AB}.Release|Any CPU.Build.0 = Release|Any CPU
		{32CCA0E2-1F62-42A3-9D73-97BF3D720E8E}.Debug|Any CPU.ActiveCfg = Debug|Any CPU
		{32CCA0E2-1F62-42A3-9D73-97BF3D720E8E}.Debug|Any CPU.Build.0 = Debug|Any CPU
		{32CCA0E2-1F62-42A3-9D73-97BF3D720E8E}.Release|Any CPU.ActiveCfg = Release|Any CPU
		{32CCA0E2-1F62-42A3-9D73-97BF3D720E8E}.Release|Any CPU.Build.0 = Release|Any CPU
	EndGlobalSection
	GlobalSection(SolutionProperties) = preSolution
		HideSolutionNode = FALSE
	EndGlobalSection
	GlobalSection(ExtensibilityGlobals) = postSolution
		SolutionGuid = {A96B9861-E195-45B6-A697-2E5E31693B8B}
	EndGlobalSection
EndGlobal
