
Microsoft Visual Studio Solution File, Format Version 12.00
# Visual Studio Version 17
VisualStudioVersion = 17.7.34009.444
MinimumVisualStudioVersion = 10.0.40219.1
Project("{9A19103F-16F7-4668-BE54-9A1E7A4F7556}") = "JuniorCourses", "JuniorCourses\JuniorCourses.csproj", "{3DC5EB0A-1FB5-4962-A299-3E6334496BDF}"
EndProject
Project("{9A19103F-16F7-4668-BE54-9A1E7A4F7556}") = "ConditionalOperationsAndLoops", "ConditionalOperationsAndLoops\ConditionalOperationsAndLoops.csproj", "{AB1B0FD6-0D0C-4E69-ABA1-F52CF322B817}"
EndProject
Project("{9A19103F-16F7-4668-BE54-9A1E7A4F7556}") = "Arrays", "Arrays\Arrays.csproj", "{12F4174A-5A1F-4FA2-924D-0596ABA76AA9}"
EndProject
Project("{FAE04EC0-301F-11D3-BF4B-00C04F79EFBC}") = "Functions", "Functions\Functions.csproj", "{A94C314C-B754-406F-89DE-77211DB95114}"
EndProject
Global
	GlobalSection(SolutionConfigurationPlatforms) = preSolution
		Debug|Any CPU = Debug|Any CPU
		Release|Any CPU = Release|Any CPU
	EndGlobalSection
	GlobalSection(ProjectConfigurationPlatforms) = postSolution
		{3DC5EB0A-1FB5-4962-A299-3E6334496BDF}.Debug|Any CPU.ActiveCfg = Debug|Any CPU
		{3DC5EB0A-1FB5-4962-A299-3E6334496BDF}.Debug|Any CPU.Build.0 = Debug|Any CPU
		{3DC5EB0A-1FB5-4962-A299-3E6334496BDF}.Release|Any CPU.ActiveCfg = Release|Any CPU
		{3DC5EB0A-1FB5-4962-A299-3E6334496BDF}.Release|Any CPU.Build.0 = Release|Any CPU
		{AB1B0FD6-0D0C-4E69-ABA1-F52CF322B817}.Debug|Any CPU.ActiveCfg = Debug|Any CPU
		{AB1B0FD6-0D0C-4E69-ABA1-F52CF322B817}.Debug|Any CPU.Build.0 = Debug|Any CPU
		{AB1B0FD6-0D0C-4E69-ABA1-F52CF322B817}.Release|Any CPU.ActiveCfg = Release|Any CPU
		{AB1B0FD6-0D0C-4E69-ABA1-F52CF322B817}.Release|Any CPU.Build.0 = Release|Any CPU
		{12F4174A-5A1F-4FA2-924D-0596ABA76AA9}.Debug|Any CPU.ActiveCfg = Debug|Any CPU
		{12F4174A-5A1F-4FA2-924D-0596ABA76AA9}.Debug|Any CPU.Build.0 = Debug|Any CPU
		{12F4174A-5A1F-4FA2-924D-0596ABA76AA9}.Release|Any CPU.ActiveCfg = Release|Any CPU
		{12F4174A-5A1F-4FA2-924D-0596ABA76AA9}.Release|Any CPU.Build.0 = Release|Any CPU
		{A94C314C-B754-406F-89DE-77211DB95114}.Debug|Any CPU.ActiveCfg = Debug|Any CPU
		{A94C314C-B754-406F-89DE-77211DB95114}.Debug|Any CPU.Build.0 = Debug|Any CPU
		{A94C314C-B754-406F-89DE-77211DB95114}.Release|Any CPU.ActiveCfg = Release|Any CPU
		{A94C314C-B754-406F-89DE-77211DB95114}.Release|Any CPU.Build.0 = Release|Any CPU
	EndGlobalSection
	GlobalSection(SolutionProperties) = preSolution
		HideSolutionNode = FALSE
	EndGlobalSection
	GlobalSection(ExtensibilityGlobals) = postSolution
		SolutionGuid = {A96B9861-E195-45B6-A697-2E5E31693B8B}
	EndGlobalSection
EndGlobal
